
Microsoft Visual Studio Solution File, Format Version 12.00
# Visual Studio Version 16
VisualStudioVersion = 16.0.30320.27
MinimumVisualStudioVersion = 10.0.40219.1
Project("{FAE04EC0-301F-11D3-BF4B-00C04F79EFBC}") = "TodoApp.Models", "TodoApp.Models\TodoApp.Models.csproj", "{44321D4D-449F-4E79-8EBE-3B9C94F6DFFF}"
EndProject
Project("{2150E333-8FDC-42A3-9474-1A3956D46DE8}") = "UI", "UI", "{78F054C6-F358-4465-A91A-BDA34333094D}"
EndProject
Project("{FAE04EC0-301F-11D3-BF4B-00C04F79EFBC}") = "TodoApp.ConsoleApp", "TodoApp.ConsoleApp\TodoApp.ConsoleApp.csproj", "{E41BDE19-572D-4E28-ACE7-C1DB56CC8791}"
EndProject
Global
	GlobalSection(SolutionConfigurationPlatforms) = preSolution
		Debug|Any CPU = Debug|Any CPU
		Release|Any CPU = Release|Any CPU
	EndGlobalSection
	GlobalSection(ProjectConfigurationPlatforms) = postSolution
		{44321D4D-449F-4E79-8EBE-3B9C94F6DFFF}.Debug|Any CPU.ActiveCfg = Debug|Any CPU
		{44321D4D-449F-4E79-8EBE-3B9C94F6DFFF}.Debug|Any CPU.Build.0 = Debug|Any CPU
		{44321D4D-449F-4E79-8EBE-3B9C94F6DFFF}.Release|Any CPU.ActiveCfg = Release|Any CPU
		{44321D4D-449F-4E79-8EBE-3B9C94F6DFFF}.Release|Any CPU.Build.0 = Release|Any CPU
		{E41BDE19-572D-4E28-ACE7-C1DB56CC8791}.Debug|Any CPU.ActiveCfg = Debug|Any CPU
		{E41BDE19-572D-4E28-ACE7-C1DB56CC8791}.Debug|Any CPU.Build.0 = Debug|Any CPU
		{E41BDE19-572D-4E28-ACE7-C1DB56CC8791}.Release|Any CPU.ActiveCfg = Release|Any CPU
		{E41BDE19-572D-4E28-ACE7-C1DB56CC8791}.Release|Any CPU.Build.0 = Release|Any CPU
	EndGlobalSection
	GlobalSection(SolutionProperties) = preSolution
		HideSolutionNode = FALSE
	EndGlobalSection
	GlobalSection(NestedProjects) = preSolution
		{E41BDE19-572D-4E28-ACE7-C1DB56CC8791} = {78F054C6-F358-4465-A91A-BDA34333094D}
	EndGlobalSection
	GlobalSection(ExtensibilityGlobals) = postSolution
		SolutionGuid = {A9F7395D-4E7B-4EF0-B102-F3757839A20C}
	EndGlobalSection
EndGlobal
